
Microsoft Visual Studio Solution File, Format Version 12.00
# Visual Studio Version 16
VisualStudioVersion = 16.0.30225.117
MinimumVisualStudioVersion = 10.0.40219.1
Project("{9A19103F-16F7-4668-BE54-9A1E7A4F7556}") = "TodoList", "TodoList\TodoList.csproj", "{0B7F196C-F19E-4D36-8D3C-F895A576AC0F}"
EndProject
Global
	GlobalSection(SolutionConfigurationPlatforms) = preSolution
		Debug|Any CPU = Debug|Any CPU
		Release|Any CPU = Release|Any CPU
	EndGlobalSection
	GlobalSection(ProjectConfigurationPlatforms) = postSolution
		{0B7F196C-F19E-4D36-8D3C-F895A576AC0F}.Debug|Any CPU.ActiveCfg = Debug|Any CPU
		{0B7F196C-F19E-4D36-8D3C-F895A576AC0F}.Debug|Any CPU.Build.0 = Debug|Any CPU
		{0B7F196C-F19E-4D36-8D3C-F895A576AC0F}.Release|Any CPU.ActiveCfg = Release|Any CPU
		{0B7F196C-F19E-4D36-8D3C-F895A576AC0F}.Release|Any CPU.Build.0 = Release|Any CPU
	EndGlobalSection
	GlobalSection(SolutionProperties) = preSolution
		HideSolutionNode = FALSE
	EndGlobalSection
	GlobalSection(ExtensibilityGlobals) = postSolution
		SolutionGuid = {790CB7E9-1417-40B0-9B2E-367C5C6B8D3B}
	EndGlobalSection
EndGlobal
